
Microsoft Visual Studio Solution File, Format Version 12.00
# Visual Studio 15
VisualStudioVersion = 15.0.27004.2009
MinimumVisualStudioVersion = 10.0.40219.1
Project("{FAE04EC0-301F-11D3-BF4B-00C04F79EFBC}") = "免监考C语言晋级考试系统", "免监考C语言晋级考试系统\免监考C语言晋级考试系统.csproj", "{AA08C70B-1D18-4DFB-A06E-C32DC6B1BCA4}"
EndProject
Global
	GlobalSection(SolutionConfigurationPlatforms) = preSolution
		Debug|Any CPU = Debug|Any CPU
		Release|Any CPU = Release|Any CPU
	EndGlobalSection
	GlobalSection(ProjectConfigurationPlatforms) = postSolution
		{AA08C70B-1D18-4DFB-A06E-C32DC6B1BCA4}.Debug|Any CPU.ActiveCfg = Debug|Any CPU
		{AA08C70B-1D18-4DFB-A06E-C32DC6B1BCA4}.Debug|Any CPU.Build.0 = Debug|Any CPU
		{AA08C70B-1D18-4DFB-A06E-C32DC6B1BCA4}.Release|Any CPU.ActiveCfg = Release|Any CPU
		{AA08C70B-1D18-4DFB-A06E-C32DC6B1BCA4}.Release|Any CPU.Build.0 = Release|Any CPU
	EndGlobalSection
	GlobalSection(SolutionProperties) = preSolution
		HideSolutionNode = FALSE
	EndGlobalSection
	GlobalSection(ExtensibilityGlobals) = postSolution
		SolutionGuid = {42CE6594-1228-424F-A1DF-8CB44BFCE86A}
	EndGlobalSection
EndGlobal
