
Microsoft Visual Studio Solution File, Format Version 12.00
# Visual Studio 15
VisualStudioVersion = 15.0.27130.2003
MinimumVisualStudioVersion = 10.0.40219.1
Project("{FAE04EC0-301F-11D3-BF4B-00C04F79EFBC}") = "免监考C语言晋级考试系统", "免监考C语言晋级考试系统\免监考C语言晋级考试系统.csproj", "{AA08C70B-1D18-4DFB-A06E-C32DC6B1BCA4}"
EndProject
Project("{FAE04EC0-301F-11D3-BF4B-00C04F79EFBC}") = "免监考C语言考试系统", "..\WpfApp1\WpfApp1\免监考C语言考试系统.csproj", "{DB798BE3-8837-439E-8FF4-C396E90933F7}"
EndProject
Project("{FAE04EC0-301F-11D3-BF4B-00C04F79EFBC}") = "BaiduAI", "..\BaiduAI\BaiduAI\BaiduAI.csproj", "{FE46BFDB-D267-4C01-8218-57674952506E}"
EndProject
Global
	GlobalSection(SolutionConfigurationPlatforms) = preSolution
		Debug|Any CPU = Debug|Any CPU
		Release|Any CPU = Release|Any CPU
	EndGlobalSection
	GlobalSection(ProjectConfigurationPlatforms) = postSolution
		{AA08C70B-1D18-4DFB-A06E-C32DC6B1BCA4}.Debug|Any CPU.ActiveCfg = Debug|Any CPU
		{AA08C70B-1D18-4DFB-A06E-C32DC6B1BCA4}.Debug|Any CPU.Build.0 = Debug|Any CPU
		{AA08C70B-1D18-4DFB-A06E-C32DC6B1BCA4}.Release|Any CPU.ActiveCfg = Release|Any CPU
		{AA08C70B-1D18-4DFB-A06E-C32DC6B1BCA4}.Release|Any CPU.Build.0 = Release|Any CPU
		{DB798BE3-8837-439E-8FF4-C396E90933F7}.Debug|Any CPU.ActiveCfg = Debug|Any CPU
		{DB798BE3-8837-439E-8FF4-C396E90933F7}.Debug|Any CPU.Build.0 = Debug|Any CPU
		{DB798BE3-8837-439E-8FF4-C396E90933F7}.Release|Any CPU.ActiveCfg = Release|Any CPU
		{DB798BE3-8837-439E-8FF4-C396E90933F7}.Release|Any CPU.Build.0 = Release|Any CPU
		{FE46BFDB-D267-4C01-8218-57674952506E}.Debug|Any CPU.ActiveCfg = Debug|Any CPU
		{FE46BFDB-D267-4C01-8218-57674952506E}.Debug|Any CPU.Build.0 = Debug|Any CPU
		{FE46BFDB-D267-4C01-8218-57674952506E}.Release|Any CPU.ActiveCfg = Release|Any CPU
		{FE46BFDB-D267-4C01-8218-57674952506E}.Release|Any CPU.Build.0 = Release|Any CPU
	EndGlobalSection
	GlobalSection(SolutionProperties) = preSolution
		HideSolutionNode = FALSE
	EndGlobalSection
	GlobalSection(ExtensibilityGlobals) = postSolution
		SolutionGuid = {42CE6594-1228-424F-A1DF-8CB44BFCE86A}
	EndGlobalSection
EndGlobal
